
Microsoft Visual Studio Solution File, Format Version 12.00
# Visual Studio Version 17
VisualStudioVersion = 17.11.35312.102
MinimumVisualStudioVersion = 10.0.40219.1
Project("{FAE04EC0-301F-11D3-BF4B-00C04F79EFBC}") = "16oct", "16oct\16oct.csproj", "{F1EDA708-7952-4A86-9506-602AB704D450}"
EndProject
Global
	GlobalSection(SolutionConfigurationPlatforms) = preSolution
		Debug|Any CPU = Debug|Any CPU
		Release|Any CPU = Release|Any CPU
	EndGlobalSection
	GlobalSection(ProjectConfigurationPlatforms) = postSolution
		{F1EDA708-7952-4A86-9506-602AB704D450}.Debug|Any CPU.ActiveCfg = Debug|Any CPU
		{F1EDA708-7952-4A86-9506-602AB704D450}.Debug|Any CPU.Build.0 = Debug|Any CPU
		{F1EDA708-7952-4A86-9506-602AB704D450}.Release|Any CPU.ActiveCfg = Release|Any CPU
		{F1EDA708-7952-4A86-9506-602AB704D450}.Release|Any CPU.Build.0 = Release|Any CPU
	EndGlobalSection
	GlobalSection(SolutionProperties) = preSolution
		HideSolutionNode = FALSE
	EndGlobalSection
	GlobalSection(ExtensibilityGlobals) = postSolution
		SolutionGuid = {8963C6BC-A412-4F37-9932-1BFBD516D5B1}
	EndGlobalSection
EndGlobal
