
Microsoft Visual Studio Solution File, Format Version 12.00
# Visual Studio Version 17
VisualStudioVersion = 17.11.35303.130
MinimumVisualStudioVersion = 10.0.40219.1
Project("{FAE04EC0-301F-11D3-BF4B-00C04F79EFBC}") = "25sep", "25sep\25sep.csproj", "{37C86AA0-0681-4FD4-8BC9-C18F40A9EC2E}"
EndProject
Global
	GlobalSection(SolutionConfigurationPlatforms) = preSolution
		Debug|Any CPU = Debug|Any CPU
		Release|Any CPU = Release|Any CPU
	EndGlobalSection
	GlobalSection(ProjectConfigurationPlatforms) = postSolution
		{37C86AA0-0681-4FD4-8BC9-C18F40A9EC2E}.Debug|Any CPU.ActiveCfg = Debug|Any CPU
		{37C86AA0-0681-4FD4-8BC9-C18F40A9EC2E}.Debug|Any CPU.Build.0 = Debug|Any CPU
		{37C86AA0-0681-4FD4-8BC9-C18F40A9EC2E}.Release|Any CPU.ActiveCfg = Release|Any CPU
		{37C86AA0-0681-4FD4-8BC9-C18F40A9EC2E}.Release|Any CPU.Build.0 = Release|Any CPU
	EndGlobalSection
	GlobalSection(SolutionProperties) = preSolution
		HideSolutionNode = FALSE
	EndGlobalSection
	GlobalSection(ExtensibilityGlobals) = postSolution
		SolutionGuid = {DED7F3D1-01F8-4E83-9BE6-2BA045335CE7}
	EndGlobalSection
EndGlobal
