
Microsoft Visual Studio Solution File, Format Version 12.00
# Visual Studio Version 17
VisualStudioVersion = 17.11.35312.102
MinimumVisualStudioVersion = 10.0.40219.1
Project("{FAE04EC0-301F-11D3-BF4B-00C04F79EFBC}") = "26oct", "26oct\26oct.csproj", "{66DF3B87-057A-4D08-94B4-D2C6A2988A03}"
EndProject
Global
	GlobalSection(SolutionConfigurationPlatforms) = preSolution
		Debug|Any CPU = Debug|Any CPU
		Release|Any CPU = Release|Any CPU
	EndGlobalSection
	GlobalSection(ProjectConfigurationPlatforms) = postSolution
		{66DF3B87-057A-4D08-94B4-D2C6A2988A03}.Debug|Any CPU.ActiveCfg = Debug|Any CPU
		{66DF3B87-057A-4D08-94B4-D2C6A2988A03}.Debug|Any CPU.Build.0 = Debug|Any CPU
		{66DF3B87-057A-4D08-94B4-D2C6A2988A03}.Release|Any CPU.ActiveCfg = Release|Any CPU
		{66DF3B87-057A-4D08-94B4-D2C6A2988A03}.Release|Any CPU.Build.0 = Release|Any CPU
	EndGlobalSection
	GlobalSection(SolutionProperties) = preSolution
		HideSolutionNode = FALSE
	EndGlobalSection
	GlobalSection(ExtensibilityGlobals) = postSolution
		SolutionGuid = {AFFB2CE9-015B-4710-B5A6-0D5FCB6F8483}
	EndGlobalSection
EndGlobal
