
Microsoft Visual Studio Solution File, Format Version 12.00
# Visual Studio Version 17
VisualStudioVersion = 17.11.35303.130
MinimumVisualStudioVersion = 10.0.40219.1
Project("{FAE04EC0-301F-11D3-BF4B-00C04F79EFBC}") = "18sep", "18sep\18sep.csproj", "{F4A2E04B-90F9-4129-BA26-8A316C10DA99}"
EndProject
Global
	GlobalSection(SolutionConfigurationPlatforms) = preSolution
		Debug|Any CPU = Debug|Any CPU
		Release|Any CPU = Release|Any CPU
	EndGlobalSection
	GlobalSection(ProjectConfigurationPlatforms) = postSolution
		{F4A2E04B-90F9-4129-BA26-8A316C10DA99}.Debug|Any CPU.ActiveCfg = Debug|Any CPU
		{F4A2E04B-90F9-4129-BA26-8A316C10DA99}.Debug|Any CPU.Build.0 = Debug|Any CPU
		{F4A2E04B-90F9-4129-BA26-8A316C10DA99}.Release|Any CPU.ActiveCfg = Release|Any CPU
		{F4A2E04B-90F9-4129-BA26-8A316C10DA99}.Release|Any CPU.Build.0 = Release|Any CPU
	EndGlobalSection
	GlobalSection(SolutionProperties) = preSolution
		HideSolutionNode = FALSE
	EndGlobalSection
	GlobalSection(ExtensibilityGlobals) = postSolution
		SolutionGuid = {C0224463-DBA2-4E94-8350-C609F99A623F}
	EndGlobalSection
EndGlobal
